dependencies:
- name: che-devfile-registry
  repository: file://./custom-charts/che-devfile-registry/
  version: 0.0.1
- name: che-plugin-registry
  repository: file://./custom-charts/che-plugin-registry/
  version: 0.0.1
- name: che-postgres
  repository: file://./custom-charts/che-postgres/
  version: 1.0.0
- name: che-keycloak
  repository: file://./custom-charts/che-keycloak/
  version: 1.0.0
- name: che-jaeger
  repository: file://./custom-charts/che-jaeger
  version: 1.0.0
- name: prometheus
  repository: https://kubernetes-charts.storage.googleapis.com/
  version: ^9.3.1
- name: grafana
  repository: https://kubernetes-charts.storage.googleapis.com/
  version: ^4.0.3
digest: sha256:cc8748cb4b654f6a455e08ea0c1b8dc28426792407cd1e05f30306c22689d7e9
generated: "2020-03-19T18:45:59.3329517-05:00"
